<?xml version="1.0" encoding="utf-8"?>
<Project ToolsVersion="4.0" xmlns="http://schemas.microsoft.com/developer/msbuild/2003">
  <ItemGroup>
    <Filter Include="Common">
      <UniqueIdentifier>f95d3bf6-c151-4f7e-a65f-797de2cc36d6</UniqueIdentifier>
    </Filter>
    <Filter Include="Assets">
      <UniqueIdentifier>44a39541-9e6f-4767-9879-97d86ff87322</UniqueIdentifier>
      <Extensions>bmp;fbx;gif;jpg;jpeg;tga;tiff;tif;png</Extensions>
    </Filter>
    <Filter Include="Content">
      <UniqueIdentifier>a235402d-1bd4-48a6-b966-7e20a957d183</UniqueIdentifier>
    </Filter>
    <ClInclude Include="Common\DirectXHelper.h">
      <Filter>Common</Filter>
    </ClInclude>
    <ClInclude Include="Common\StepTimer.h">
      <Filter>Common</Filter>
    </ClInclude>
    <ClInclude Include="Common\DeviceResources.h">
      <Filter>Common</Filter>
    </ClInclude>
    <ClCompile Include="Common\DeviceResources.cpp">
      <Filter>Common</Filter>
    </ClCompile>
    <ClInclude Include="Content\Sample3DSceneRenderer.h">
      <Filter>Content</Filter>
    </ClInclude>
    <ClInclude Include="Content\SampleFpsTextRenderer.h">
      <Filter>Content</Filter>
    </ClInclude>
    <ClInclude Include="Content\ShaderStructures.h">
      <Filter>Content</Filter>
    </ClInclude>
    <ClCompile Include="Content\Sample3DSceneRenderer.cpp">
      <Filter>Content</Filter>
    </ClCompile>
    <ClCompile Include="Content\SampleFpsTextRenderer.cpp">
      <Filter>Content</Filter>
    </ClCompile>
    <FxCompile Include="Content\SamplePixelShader.hlsl">
      <Filter>Content</Filter>
    </FxCompile>
    <FxCompile Include="Content\SampleVertexShader.hlsl">
      <Filter>Content</Filter>
    </FxCompile>
    <Image Include="Assets\LockScreenLogo.scale-200.png">
      <Filter>Assets</Filter>
    </Image>
    <Image Include="Assets\SplashScreen.scale-200.png">
      <Filter>Assets</Filter>
    </Image>
    <Image Include="Assets\Square150x150Logo.scale-200.png">
      <Filter>Assets</Filter>
    </Image>
    <Image Include="Assets\Square44x44Logo.scale-200.png">
      <Filter>Assets</Filter>
    </Image>
    <Image Include="Assets\Square44x44Logo.targetsize-24_altform-unplated.png">
      <Filter>Assets</Filter>
    </Image>
    <Image Include="Assets\Wide310x150Logo.scale-200.png">
      <Filter>Assets</Filter>
    </Image>
  </ItemGroup>
  <ItemGroup>
    <ClCompile Include="App.cpp" />
    <ClCompile Include="ACWMain.cpp" />
    <ClCompile Include="pch.cpp" />
  </ItemGroup>
  <ItemGroup>
    <ClInclude Include="App.h" />
    <ClInclude Include="ACWMain.h" />
    <ClInclude Include="pch.h" />
  </ItemGroup>
  <ItemGroup>
    <Image Include="Assets\StoreLogo.png">
      <Filter>Assets</Filter>
    </Image>
    <Image Include="grass.dds" />
  </ItemGroup>
  <ItemGroup>
    <AppxManifest Include="Package.appxmanifest" />
  </ItemGroup>
  <ItemGroup>
    <None Include="ACW_TemporaryKey.pfx" />
    <None Include="packages.config" />
  </ItemGroup>
  <ItemGroup>
    <FxCompile Include="Content\TerrainDomain.hlsl">
      <Filter>Content</Filter>
    </FxCompile>
    <FxCompile Include="Content\TerrainHull.hlsl">
      <Filter>Content</Filter>
    </FxCompile>
    <FxCompile Include="Content\TerrainPixel.hlsl">
      <Filter>Content</Filter>
    </FxCompile>
    <FxCompile Include="Content\TerrainVertex.hlsl">
      <Filter>Content</Filter>
    </FxCompile>
    <FxCompile Include="Content\ShinySphereRayTracerPixel.hlsl">
      <Filter>Content</Filter>
    </FxCompile>
    <FxCompile Include="Content\ShinySphereRayTracerVertex.hlsl">
      <Filter>Content</Filter>
    </FxCompile>
    <FxCompile Include="Content\PlantGeometry.hlsl">
      <Filter>Content</Filter>
    </FxCompile>
    <FxCompile Include="Content\PlantPixel.hlsl">
      <Filter>Content</Filter>
    </FxCompile>
    <FxCompile Include="Content\PlantVertex.hlsl">
      <Filter>Content</Filter>
    </FxCompile>
    <FxCompile Include="Content\WaterDomain.hlsl">
      <Filter>Content</Filter>
    </FxCompile>
    <FxCompile Include="Content\WaterHull.hlsl">
      <Filter>Content</Filter>
    </FxCompile>
    <FxCompile Include="Content\WaterPixel.hlsl">
      <Filter>Content</Filter>
    </FxCompile>
    <FxCompile Include="Content\WaterVertex.hlsl">
      <Filter>Content</Filter>
    </FxCompile>
    <FxCompile Include="Content\SeaObject4Pixel.hlsl">
      <Filter>Content</Filter>
    </FxCompile>
    <FxCompile Include="Content\SeaObject4Vertex.hlsl">
      <Filter>Content</Filter>
    </FxCompile>
    <FxCompile Include="SeaObjectVertex.hlsl">
      <Filter>Content</Filter>
    </FxCompile>
    <FxCompile Include="SeaObjectPixel.hlsl">
      <Filter>Content</Filter>
    </FxCompile>
    <FxCompile Include="SeaObjectGeometry.hlsl">
      <Filter>Content</Filter>
    </FxCompile>
    <FxCompile Include="SeaObject2Vertex.hlsl">
      <Filter>Content</Filter>
    </FxCompile>
    <FxCompile Include="SeaObject2Pixel.hlsl">
      <Filter>Content</Filter>
    </FxCompile>
    <FxCompile Include="SeaObject3Vertex.hlsl">
      <Filter>Content</Filter>
    </FxCompile>
    <FxCompile Include="SeaObject3Pixel.hlsl">
      <Filter>Content</Filter>
    </FxCompile>
    <FxCompile Include="SeaObject3Hull.hlsl">
      <Filter>Content</Filter>
    </FxCompile>
    <FxCompile Include="SeaObject3Domain.hlsl">
      <Filter>Content</Filter>
    </FxCompile>
    <FxCompile Include="SeaBubblesVertex.hlsl">
      <Filter>Content</Filter>
    </FxCompile>
    <FxCompile Include="SeaBubblesPixel.hlsl">
      <Filter>Content</Filter>
    </FxCompile>
    <FxCompile Include="SeaBubblesGeometry.hlsl">
      <Filter>Content</Filter>
    </FxCompile>
    <FxCompile Include="GeometryShader.hlsl">
      <Filter>Content</Filter>
    </FxCompile>
    <FxCompile Include="FishGeometry.hlsl">
      <Filter>Content</Filter>
    </FxCompile>
    <FxCompile Include="FishPixel.hlsl">
      <Filter>Content</Filter>
    </FxCompile>
    <FxCompile Include="FishVertex.hlsl">
      <Filter>Content</Filter>
    </FxCompile>
    <FxCompile Include="Fish2Vertex.hlsl">
      <Filter>Content</Filter>
    </FxCompile>
    <FxCompile Include="Fish2Pixel.hlsl">
      <Filter>Content</Filter>
    </FxCompile>
    <FxCompile Include="Fish2Geometry.hlsl">
      <Filter>Content</Filter>
    </FxCompile>
    <FxCompile Include="Fish3Vertex.hlsl">
      <Filter>Content</Filter>
    </FxCompile>
    <FxCompile Include="Fish3Pixel.hlsl">
      <Filter>Content</Filter>
    </FxCompile>
    <FxCompile Include="Fish3Geometry.hlsl">
      <Filter>Content</Filter>
    </FxCompile>
  </ItemGroup>
</Project>